// !$*UTF8*$!
{
	archiveVersion = 1;
	classes = {
	};
	objectVersion = 56;
	objects = {

/* Begin PBXBuildFile section */
		1113C8462BA1D983000F7327 /* SwiftUI_Combine_and_DataApp.swift in Sources */ = {isa = PBXBuildFile; fileRef = 1113C8452BA1D983000F7327 /* SwiftUI_Combine_and_DataApp.swift */; };
		1113C8482BA1D983000F7327 /* ContentView.swift in Sources */ = {isa = PBXBuildFile; fileRef = 1113C8472BA1D983000F7327 /* ContentView.swift */; };
		1113C84A2BA1D984000F7327 /* Assets.xcassets in Resources */ = {isa = PBXBuildFile; fileRef = 1113C8492BA1D984000F7327 /* Assets.xcassets */; };
		1113C84D2BA1D984000F7327 /* Preview Assets.xcassets in Resources */ = {isa = PBXBuildFile; fileRef = 1113C84C2BA1D984000F7327 /* Preview Assets.xcassets */; };
		1113C8572BA1DB71000F7327 /* AccountBackground.swift in Sources */ = {isa = PBXBuildFile; fileRef = 1113C8552BA1DB71000F7327 /* AccountBackground.swift */; };
		1113C85A2BA1E2CA000F7327 /* TrackableScrollView.swift in Sources */ = {isa = PBXBuildFile; fileRef = 1113C8592BA1E2CA000F7327 /* TrackableScrollView.swift */; };
		1124CC192BA1EF6900F8B697 /* Menu.swift in Sources */ = {isa = PBXBuildFile; fileRef = 1124CC182BA1EF6900F8B697 /* Menu.swift */; };
		1124CC1B2BA1F0CE00F8B697 /* IconContainer.swift in Sources */ = {isa = PBXBuildFile; fileRef = 1124CC1A2BA1F0CE00F8B697 /* IconContainer.swift */; };
		1124CC1D2BA2009700F8B697 /* Package.swift in Sources */ = {isa = PBXBuildFile; fileRef = 1124CC1C2BA2009700F8B697 /* Package.swift */; };
		11B1A44A2BA1EDDD003DBF2F /* FrostedGlassStyle.swift in Sources */ = {isa = PBXBuildFile; fileRef = 11B1A4492BA1EDDD003DBF2F /* FrostedGlassStyle.swift */; };
		11B1A44D2BA1EE16003DBF2F /* StrokeModifier.swift in Sources */ = {isa = PBXBuildFile; fileRef = 11B1A44C2BA1EE16003DBF2F /* StrokeModifier.swift */; };
		11B1A4502BA1EE44003DBF2F /* AccountView.swift in Sources */ = {isa = PBXBuildFile; fileRef = 11B1A44F2BA1EE44003DBF2F /* AccountView.swift */; };
		11B1A4522BA1EE51003DBF2F /* CertificateView.swift in Sources */ = {isa = PBXBuildFile; fileRef = 11B1A4512BA1EE51003DBF2F /* CertificateView.swift */; };
		11B1A4542BA1EE6E003DBF2F /* FAQview.swift in Sources */ = {isa = PBXBuildFile; fileRef = 11B1A4532BA1EE6E003DBF2F /* FAQview.swift */; };
		11B1A4572BA1EE91003DBF2F /* PackagesView.swift in Sources */ = {isa = PBXBuildFile; fileRef = 11B1A4562BA1EE91003DBF2F /* PackagesView.swift */; };
		11B1A45C2BA1EF20003DBF2F /* MenuRow.swift in Sources */ = {isa = PBXBuildFile; fileRef = 11B1A45B2BA1EF20003DBF2F /* MenuRow.swift */; };
		11F8CCDC2BA6F0B80069BC5E /* FAQdata.json in Resources */ = {isa = PBXBuildFile; fileRef = 11F8CCDB2BA6F0B80069BC5E /* FAQdata.json */; };
		11F8CCDE2BA6F0FA0069BC5E /* ModelData.swift in Sources */ = {isa = PBXBuildFile; fileRef = 11F8CCDD2BA6F0FA0069BC5E /* ModelData.swift */; };
		11F8CCE22BA6F2F70069BC5E /* FAQRow.swift in Sources */ = {isa = PBXBuildFile; fileRef = 11F8CCE12BA6F2F70069BC5E /* FAQRow.swift */; };
		11F8CCE42BA6F32A0069BC5E /* FAQ.swift in Sources */ = {isa = PBXBuildFile; fileRef = 11F8CCE32BA6F32A0069BC5E /* FAQ.swift */; };
		11F8CCE72BA6F9650069BC5E /* AngularGradientGlow.swift in Sources */ = {isa = PBXBuildFile; fileRef = 11F8CCE62BA6F9650069BC5E /* AngularGradientGlow.swift */; };
		11F8CCE92BA6FA920069BC5E /* LinearGradientBackground.swift in Sources */ = {isa = PBXBuildFile; fileRef = 11F8CCE82BA6FA920069BC5E /* LinearGradientBackground.swift */; };
/* End PBXBuildFile section */

/* Begin PBXFileReference section */
		1113C8422BA1D983000F7327 /* SwiftUI Combine and Data.app */ = {isa = PBXFileReference; explicitFileType = wrapper.application; includeInIndex = 0; path = "SwiftUI Combine and Data.app"; sourceTree = BUILT_PRODUCTS_DIR; };
		1113C8452BA1D983000F7327 /* SwiftUI_Combine_and_DataApp.swift */ = {isa = PBXFileReference; lastKnownFileType = sourcecode.swift; path = SwiftUI_Combine_and_DataApp.swift; sourceTree = "<group>"; };
		1113C8472BA1D983000F7327 /* ContentView.swift */ = {isa = PBXFileReference; lastKnownFileType = sourcecode.swift; path = ContentView.swift; sourceTree = "<group>"; };
		1113C8492BA1D984000F7327 /* Assets.xcassets */ = {isa = PBXFileReference; lastKnownFileType = folder.assetcatalog; path = Assets.xcassets; sourceTree = "<group>"; };
		1113C84C2BA1D984000F7327 /* Preview Assets.xcassets */ = {isa = PBXFileReference; lastKnownFileType = folder.assetcatalog; path = "Preview Assets.xcassets"; sourceTree = "<group>"; };
		1113C8552BA1DB71000F7327 /* AccountBackground.swift */ = {isa = PBXFileReference; fileEncoding = 4; lastKnownFileType = sourcecode.swift; path = AccountBackground.swift; sourceTree = "<group>"; };
		1113C8592BA1E2CA000F7327 /* TrackableScrollView.swift */ = {isa = PBXFileReference; lastKnownFileType = sourcecode.swift; path = TrackableScrollView.swift; sourceTree = "<group>"; };
		1124CC182BA1EF6900F8B697 /* Menu.swift */ = {isa = PBXFileReference; lastKnownFileType = sourcecode.swift; path = Menu.swift; sourceTree = "<group>"; };
		1124CC1A2BA1F0CE00F8B697 /* IconContainer.swift */ = {isa = PBXFileReference; lastKnownFileType = sourcecode.swift; path = IconContainer.swift; sourceTree = "<group>"; };
		1124CC1C2BA2009700F8B697 /* Package.swift */ = {isa = PBXFileReference; lastKnownFileType = sourcecode.swift; path = Package.swift; sourceTree = "<group>"; };
		11B1A4492BA1EDDD003DBF2F /* FrostedGlassStyle.swift */ = {isa = PBXFileReference; fileEncoding = 4; lastKnownFileType = sourcecode.swift; path = FrostedGlassStyle.swift; sourceTree = "<group>"; };
		11B1A44C2BA1EE16003DBF2F /* StrokeModifier.swift */ = {isa = PBXFileReference; fileEncoding = 4; lastKnownFileType = sourcecode.swift; path = StrokeModifier.swift; sourceTree = "<group>"; };
		11B1A44F2BA1EE44003DBF2F /* AccountView.swift */ = {isa = PBXFileReference; lastKnownFileType = sourcecode.swift; path = AccountView.swift; sourceTree = "<group>"; };
		11B1A4512BA1EE51003DBF2F /* CertificateView.swift */ = {isa = PBXFileReference; lastKnownFileType = sourcecode.swift; path = CertificateView.swift; sourceTree = "<group>"; };
		11B1A4532BA1EE6E003DBF2F /* FAQview.swift */ = {isa = PBXFileReference; lastKnownFileType = sourcecode.swift; path = FAQview.swift; sourceTree = "<group>"; };
		11B1A4562BA1EE91003DBF2F /* PackagesView.swift */ = {isa = PBXFileReference; lastKnownFileType = sourcecode.swift; path = PackagesView.swift; sourceTree = "<group>"; };
		11B1A45B2BA1EF20003DBF2F /* MenuRow.swift */ = {isa = PBXFileReference; lastKnownFileType = sourcecode.swift; path = MenuRow.swift; sourceTree = "<group>"; };
		11F8CCDB2BA6F0B80069BC5E /* FAQdata.json */ = {isa = PBXFileReference; lastKnownFileType = text.json; path = FAQdata.json; sourceTree = "<group>"; };
		11F8CCDD2BA6F0FA0069BC5E /* ModelData.swift */ = {isa = PBXFileReference; lastKnownFileType = sourcecode.swift; path = ModelData.swift; sourceTree = "<group>"; };
		11F8CCE12BA6F2F70069BC5E /* FAQRow.swift */ = {isa = PBXFileReference; lastKnownFileType = sourcecode.swift; path = FAQRow.swift; sourceTree = "<group>"; };
		11F8CCE32BA6F32A0069BC5E /* FAQ.swift */ = {isa = PBXFileReference; lastKnownFileType = sourcecode.swift; path = FAQ.swift; sourceTree = "<group>"; };
		11F8CCE62BA6F9650069BC5E /* AngularGradientGlow.swift */ = {isa = PBXFileReference; lastKnownFileType = sourcecode.swift; path = AngularGradientGlow.swift; sourceTree = "<group>"; };
		11F8CCE82BA6FA920069BC5E /* LinearGradientBackground.swift */ = {isa = PBXFileReference; lastKnownFileType = sourcecode.swift; path = LinearGradientBackground.swift; sourceTree = "<group>"; };
/* End PBXFileReference section */

/* Begin PBXFrameworksBuildPhase section */
		1113C83F2BA1D983000F7327 /* Frameworks */ = {
			isa = PBXFrameworksBuildPhase;
			buildActionMask = 2147483647;
			files = (
			);
			runOnlyForDeploymentPostprocessing = 0;
		};
/* End PBXFrameworksBuildPhase section */

/* Begin PBXGroup section */
		1113C8392BA1D983000F7327 = {
			isa = PBXGroup;
			children = (
				1113C8442BA1D983000F7327 /* SwiftUI Combine and Data */,
				1113C8432BA1D983000F7327 /* Products */,
			);
			sourceTree = "<group>";
		};
		1113C8432BA1D983000F7327 /* Products */ = {
			isa = PBXGroup;
			children = (
				1113C8422BA1D983000F7327 /* SwiftUI Combine and Data.app */,
			);
			name = Products;
			sourceTree = "<group>";
		};
		1113C8442BA1D983000F7327 /* SwiftUI Combine and Data */ = {
			isa = PBXGroup;
			children = (
				1113C8452BA1D983000F7327 /* SwiftUI_Combine_and_DataApp.swift */,
				1113C8472BA1D983000F7327 /* ContentView.swift */,
				1113C8582BA1E2BC000F7327 /* Views */,
				11B1A4582BA1EEBA003DBF2F /* Components */,
				11B1A4592BA1EED9003DBF2F /* Models */,
				11B1A44B2BA1EDF1003DBF2F /* Utils */,
				11B1A4482BA1EDC4003DBF2F /* Style */,
				11F8CCDA2BA6F09A0069BC5E /* Resources */,
				1113C8492BA1D984000F7327 /* Assets.xcassets */,
				1113C84B2BA1D984000F7327 /* Preview Content */,
			);
			path = "SwiftUI Combine and Data";
			sourceTree = "<group>";
		};
		1113C84B2BA1D984000F7327 /* Preview Content */ = {
			isa = PBXGroup;
			children = (
				1113C84C2BA1D984000F7327 /* Preview Assets.xcassets */,
			);
			path = "Preview Content";
			sourceTree = "<group>";
		};
		1113C8532BA1DB71000F7327 /* Graphics */ = {
			isa = PBXGroup;
			children = (
				1113C8552BA1DB71000F7327 /* AccountBackground.swift */,
			);
			path = Graphics;
			sourceTree = "<group>";
		};
		1113C8582BA1E2BC000F7327 /* Views */ = {
			isa = PBXGroup;
			children = (
				11B1A44E2BA1EE34003DBF2F /* Main */,
			);
			path = Views;
			sourceTree = "<group>";
		};
		11B1A4482BA1EDC4003DBF2F /* Style */ = {
			isa = PBXGroup;
			children = (
				11B1A44C2BA1EE16003DBF2F /* StrokeModifier.swift */,
				11B1A4492BA1EDDD003DBF2F /* FrostedGlassStyle.swift */,
				11F8CCE62BA6F9650069BC5E /* AngularGradientGlow.swift */,
				11F8CCE82BA6FA920069BC5E /* LinearGradientBackground.swift */,
			);
			path = Style;
			sourceTree = "<group>";
		};
		11B1A44B2BA1EDF1003DBF2F /* Utils */ = {
			isa = PBXGroup;
			children = (
				1113C8592BA1E2CA000F7327 /* TrackableScrollView.swift */,
			);
			path = Utils;
			sourceTree = "<group>";
		};
		11B1A44E2BA1EE34003DBF2F /* Main */ = {
			isa = PBXGroup;
			children = (
				11B1A44F2BA1EE44003DBF2F /* AccountView.swift */,
				11B1A4512BA1EE51003DBF2F /* CertificateView.swift */,
				11B1A4532BA1EE6E003DBF2F /* FAQview.swift */,
				11B1A4562BA1EE91003DBF2F /* PackagesView.swift */,
			);
			path = Main;
			sourceTree = "<group>";
		};
		11B1A4582BA1EEBA003DBF2F /* Components */ = {
			isa = PBXGroup;
			children = (
				11B1A45A2BA1EF0C003DBF2F /* Items */,
				1113C8532BA1DB71000F7327 /* Graphics */,
				1124CC1A2BA1F0CE00F8B697 /* IconContainer.swift */,
			);
			path = Components;
			sourceTree = "<group>";
		};
		11B1A4592BA1EED9003DBF2F /* Models */ = {
			isa = PBXGroup;
			children = (
				1124CC182BA1EF6900F8B697 /* Menu.swift */,
				1124CC1C2BA2009700F8B697 /* Package.swift */,
				11F8CCDD2BA6F0FA0069BC5E /* ModelData.swift */,
				11F8CCE32BA6F32A0069BC5E /* FAQ.swift */,
			);
			path = Models;
			sourceTree = "<group>";
		};
		11B1A45A2BA1EF0C003DBF2F /* Items */ = {
			isa = PBXGroup;
			children = (
				11B1A45B2BA1EF20003DBF2F /* MenuRow.swift */,
				11F8CCE12BA6F2F70069BC5E /* FAQRow.swift */,
			);
			path = Items;
			sourceTree = "<group>";
		};
		11F8CCDA2BA6F09A0069BC5E /* Resources */ = {
			isa = PBXGroup;
			children = (
				11F8CCDB2BA6F0B80069BC5E /* FAQdata.json */,
			);
			path = Resources;
			sourceTree = "<group>";
		};
/* End PBXGroup section */

/* Begin PBXNativeTarget section */
		1113C8412BA1D983000F7327 /* SwiftUI Combine and Data */ = {
			isa = PBXNativeTarget;
			buildConfigurationList = 1113C8502BA1D984000F7327 /* Build configuration list for PBXNativeTarget "SwiftUI Combine and Data" */;
			buildPhases = (
				1113C83E2BA1D983000F7327 /* Sources */,
				1113C83F2BA1D983000F7327 /* Frameworks */,
				1113C8402BA1D983000F7327 /* Resources */,
			);
			buildRules = (
			);
			dependencies = (
			);
			name = "SwiftUI Combine and Data";
			productName = "SwiftUI Combine and Data";
			productReference = 1113C8422BA1D983000F7327 /* SwiftUI Combine and Data.app */;
			productType = "com.apple.product-type.application";
		};
/* End PBXNativeTarget section */

/* Begin PBXProject section */
		1113C83A2BA1D983000F7327 /* Project object */ = {
			isa = PBXProject;
			attributes = {
				BuildIndependentTargetsInParallel = 1;
				LastSwiftUpdateCheck = 1500;
				LastUpgradeCheck = 1500;
				TargetAttributes = {
					1113C8412BA1D983000F7327 = {
						CreatedOnToolsVersion = 15.0;
					};
				};
			};
			buildConfigurationList = 1113C83D2BA1D983000F7327 /* Build configuration list for PBXProject "SwiftUI Combine and Data" */;
			compatibilityVersion = "Xcode 14.0";
			developmentRegion = en;
			hasScannedForEncodings = 0;
			knownRegions = (
				en,
				Base,
			);
			mainGroup = 1113C8392BA1D983000F7327;
			productRefGroup = 1113C8432BA1D983000F7327 /* Products */;
			projectDirPath = "";
			projectRoot = "";
			targets = (
				1113C8412BA1D983000F7327 /* SwiftUI Combine and Data */,
			);
		};
/* End PBXProject section */

/* Begin PBXResourcesBuildPhase section */
		1113C8402BA1D983000F7327 /* Resources */ = {
			isa = PBXResourcesBuildPhase;
			buildActionMask = 2147483647;
			files = (
				11F8CCDC2BA6F0B80069BC5E /* FAQdata.json in Resources */,
				1113C84D2BA1D984000F7327 /* Preview Assets.xcassets in Resources */,
				1113C84A2BA1D984000F7327 /* Assets.xcassets in Resources */,
			);
			runOnlyForDeploymentPostprocessing = 0;
		};
/* End PBXResourcesBuildPhase section */

/* Begin PBXSourcesBuildPhase section */
		1113C83E2BA1D983000F7327 /* Sources */ = {
			isa = PBXSourcesBuildPhase;
			buildActionMask = 2147483647;
			files = (
				1113C85A2BA1E2CA000F7327 /* TrackableScrollView.swift in Sources */,
				11B1A44D2BA1EE16003DBF2F /* StrokeModifier.swift in Sources */,
				11F8CCDE2BA6F0FA0069BC5E /* ModelData.swift in Sources */,
				11B1A4542BA1EE6E003DBF2F /* FAQview.swift in Sources */,
				1124CC1B2BA1F0CE00F8B697 /* IconContainer.swift in Sources */,
				11F8CCE42BA6F32A0069BC5E /* FAQ.swift in Sources */,
				11B1A4572BA1EE91003DBF2F /* PackagesView.swift in Sources */,
				11B1A45C2BA1EF20003DBF2F /* MenuRow.swift in Sources */,
				11F8CCE22BA6F2F70069BC5E /* FAQRow.swift in Sources */,
				11B1A44A2BA1EDDD003DBF2F /* FrostedGlassStyle.swift in Sources */,
				11B1A4502BA1EE44003DBF2F /* AccountView.swift in Sources */,
				11F8CCE92BA6FA920069BC5E /* LinearGradientBackground.swift in Sources */,
				11B1A4522BA1EE51003DBF2F /* CertificateView.swift in Sources */,
				1124CC192BA1EF6900F8B697 /* Menu.swift in Sources */,
				11F8CCE72BA6F9650069BC5E /* AngularGradientGlow.swift in Sources */,
				1124CC1D2BA2009700F8B697 /* Package.swift in Sources */,
				1113C8482BA1D983000F7327 /* ContentView.swift in Sources */,
				1113C8462BA1D983000F7327 /* SwiftUI_Combine_and_DataApp.swift in Sources */,
				1113C8572BA1DB71000F7327 /* AccountBackground.swift in Sources */,
			);
			runOnlyForDeploymentPostprocessing = 0;
		};
/* End PBXSourcesBuildPhase section */

/* Begin XCBuildConfiguration section */
		1113C84E2BA1D984000F7327 /* Debug */ = {
			isa = XCBuildConfiguration;
			buildSettings = {
				ALWAYS_SEARCH_USER_PATHS = NO;
				ASSETCATALOG_COMPILER_GENERATE_SWIFT_ASSET_SYMBOL_EXTENSIONS = YES;
				CLANG_ANALYZER_NONNULL = YES;
				CLANG_ANALYZER_NUMBER_OBJECT_CONVERSION = YES_AGGRESSIVE;
				CLANG_CXX_LANGUAGE_STANDARD = "gnu++20";
				CLANG_ENABLE_MODULES = YES;
				CLANG_ENABLE_OBJC_ARC = YES;
				CLANG_ENABLE_OBJC_WEAK = YES;
				CLANG_WARN_BLOCK_CAPTURE_AUTORELEASING = YES;
				CLANG_WARN_BOOL_CONVERSION = YES;
				CLANG_WARN_COMMA = YES;
				CLANG_WARN_CONSTANT_CONVERSION = YES;
				CLANG_WARN_DEPRECATED_OBJC_IMPLEMENTATIONS = YES;
				CLANG_WARN_DIRECT_OBJC_ISA_USAGE = YES_ERROR;
				CLANG_WARN_DOCUMENTATION_COMMENTS = YES;
				CLANG_WARN_EMPTY_BODY = YES;
				CLANG_WARN_ENUM_CONVERSION = YES;
				CLANG_WARN_INFINITE_RECURSION = YES;
				CLANG_WARN_INT_CONVERSION = YES;
				CLANG_WARN_NON_LITERAL_NULL_CONVERSION = YES;
				CLANG_WARN_OBJC_IMPLICIT_RETAIN_SELF = YES;
				CLANG_WARN_OBJC_LITERAL_CONVERSION = YES;
				CLANG_WARN_OBJC_ROOT_CLASS = YES_ERROR;
				CLANG_WARN_QUOTED_INCLUDE_IN_FRAMEWORK_HEADER = YES;
				CLANG_WARN_RANGE_LOOP_ANALYSIS = YES;
				CLANG_WARN_STRICT_PROTOTYPES = YES;
				CLANG_WARN_SUSPICIOUS_MOVE = YES;
				CLANG_WARN_UNGUARDED_AVAILABILITY = YES_AGGRESSIVE;
				CLANG_WARN_UNREACHABLE_CODE = YES;
				CLANG_WARN__DUPLICATE_METHOD_MATCH = YES;
				COPY_PHASE_STRIP = NO;
				DEBUG_INFORMATION_FORMAT = dwarf;
				ENABLE_STRICT_OBJC_MSGSEND = YES;
				ENABLE_TESTABILITY = YES;
				ENABLE_USER_SCRIPT_SANDBOXING = YES;
				GCC_C_LANGUAGE_STANDARD = gnu17;
				GCC_DYNAMIC_NO_PIC = NO;
				GCC_NO_COMMON_BLOCKS = YES;
				GCC_OPTIMIZATION_LEVEL = 0;
				GCC_PREPROCESSOR_DEFINITIONS = (
					"DEBUG=1",
					"$(inherited)",
				);
				GCC_WARN_64_TO_32_BIT_CONVERSION = YES;
				GCC_WARN_ABOUT_RETURN_TYPE = YES_ERROR;
				GCC_WARN_UNDECLARED_SELECTOR = YES;
				GCC_WARN_UNINITIALIZED_AUTOS = YES_AGGRESSIVE;
				GCC_WARN_UNUSED_FUNCTION = YES;
				GCC_WARN_UNUSED_VARIABLE = YES;
				IPHONEOS_DEPLOYMENT_TARGET = 17.0;
				LOCALIZATION_PREFERS_STRING_CATALOGS = YES;
				MTL_ENABLE_DEBUG_INFO = INCLUDE_SOURCE;
				MTL_FAST_MATH = YES;
				ONLY_ACTIVE_ARCH = YES;
				SDKROOT = iphoneos;
				SWIFT_ACTIVE_COMPILATION_CONDITIONS = "DEBUG $(inherited)";
				SWIFT_OPTIMIZATION_LEVEL = "-Onone";
			};
			name = Debug;
		};
		1113C84F2BA1D984000F7327 /* Release */ = {
			isa = XCBuildConfiguration;
			buildSettings = {
				ALWAYS_SEARCH_USER_PATHS = NO;
				ASSETCATALOG_COMPILER_GENERATE_SWIFT_ASSET_SYMBOL_EXTENSIONS = YES;
				CLANG_ANALYZER_NONNULL = YES;
				CLANG_ANALYZER_NUMBER_OBJECT_CONVERSION = YES_AGGRESSIVE;
				CLANG_CXX_LANGUAGE_STANDARD = "gnu++20";
				CLANG_ENABLE_MODULES = YES;
				CLANG_ENABLE_OBJC_ARC = YES;
				CLANG_ENABLE_OBJC_WEAK = YES;
				CLANG_WARN_BLOCK_CAPTURE_AUTORELEASING = YES;
				CLANG_WARN_BOOL_CONVERSION = YES;
				CLANG_WARN_COMMA = YES;
				CLANG_WARN_CONSTANT_CONVERSION = YES;
				CLANG_WARN_DEPRECATED_OBJC_IMPLEMENTATIONS = YES;
				CLANG_WARN_DIRECT_OBJC_ISA_USAGE = YES_ERROR;
				CLANG_WARN_DOCUMENTATION_COMMENTS = YES;
				CLANG_WARN_EMPTY_BODY = YES;
				CLANG_WARN_ENUM_CONVERSION = YES;
				CLANG_WARN_INFINITE_RECURSION = YES;
				CLANG_WARN_INT_CONVERSION = YES;
				CLANG_WARN_NON_LITERAL_NULL_CONVERSION = YES;
				CLANG_WARN_OBJC_IMPLICIT_RETAIN_SELF = YES;
				CLANG_WARN_OBJC_LITERAL_CONVERSION = YES;
				CLANG_WARN_OBJC_ROOT_CLASS = YES_ERROR;
				CLANG_WARN_QUOTED_INCLUDE_IN_FRAMEWORK_HEADER = YES;
				CLANG_WARN_RANGE_LOOP_ANALYSIS = YES;
				CLANG_WARN_STRICT_PROTOTYPES = YES;
				CLANG_WARN_SUSPICIOUS_MOVE = YES;
				CLANG_WARN_UNGUARDED_AVAILABILITY = YES_AGGRESSIVE;
				CLANG_WARN_UNREACHABLE_CODE = YES;
				CLANG_WARN__DUPLICATE_METHOD_MATCH = YES;
				COPY_PHASE_STRIP = NO;
				DEBUG_INFORMATION_FORMAT = "dwarf-with-dsym";
				ENABLE_NS_ASSERTIONS = NO;
				ENABLE_STRICT_OBJC_MSGSEND = YES;
				ENABLE_USER_SCRIPT_SANDBOXING = YES;
				GCC_C_LANGUAGE_STANDARD = gnu17;
				GCC_NO_COMMON_BLOCKS = YES;
				GCC_WARN_64_TO_32_BIT_CONVERSION = YES;
				GCC_WARN_ABOUT_RETURN_TYPE = YES_ERROR;
				GCC_WARN_UNDECLARED_SELECTOR = YES;
				GCC_WARN_UNINITIALIZED_AUTOS = YES_AGGRESSIVE;
				GCC_WARN_UNUSED_FUNCTION = YES;
				GCC_WARN_UNUSED_VARIABLE = YES;
				IPHONEOS_DEPLOYMENT_TARGET = 17.0;
				LOCALIZATION_PREFERS_STRING_CATALOGS = YES;
				MTL_ENABLE_DEBUG_INFO = NO;
				MTL_FAST_MATH = YES;
				SDKROOT = iphoneos;
				SWIFT_COMPILATION_MODE = wholemodule;
				VALIDATE_PRODUCT = YES;
			};
			name = Release;
		};
		1113C8512BA1D984000F7327 /* Debug */ = {
			isa = XCBuildConfiguration;
			buildSettings = {
				ASSETCATALOG_COMPILER_APPICON_NAME = AppIcon;
				ASSETCATALOG_COMPILER_GLOBAL_ACCENT_COLOR_NAME = AccentColor;
				CODE_SIGN_STYLE = Automatic;
				CURRENT_PROJECT_VERSION = 1;
				DEVELOPMENT_ASSET_PATHS = "\"SwiftUI Combine and Data/Preview Content\"";
				DEVELOPMENT_TEAM = RTLGBYJM5X;
				ENABLE_PREVIEWS = YES;
				GENERATE_INFOPLIST_FILE = YES;
				INFOPLIST_KEY_UIApplicationSceneManifest_Generation = YES;
				INFOPLIST_KEY_UIApplicationSupportsIndirectInputEvents = YES;
				INFOPLIST_KEY_UILaunchScreen_Generation = YES;
				INFOPLIST_KEY_UISupportedInterfaceOrientations_iPad = "UIInterfaceOrientationPortrait UIInterfaceOrientationPortraitUpsideDown UIInterfaceOrientationLandscapeLeft UIInterfaceOrientationLandscapeRight";
				INFOPLIST_KEY_UISupportedInterfaceOrientations_iPhone = "UIInterfaceOrientationPortrait UIInterfaceOrientationLandscapeLeft UIInterfaceOrientationLandscapeRight";
				LD_RUNPATH_SEARCH_PATHS = (
					"$(inherited)",
					"@executable_path/Frameworks",
				);
				MARKETING_VERSION = 1.0;
				PRODUCT_BUNDLE_IDENTIFIER = "com.nikitakosolapov.SwiftUI-Combine-and-Data";
				PRODUCT_NAME = "$(TARGET_NAME)";
				SWIFT_EMIT_LOC_STRINGS = YES;
				SWIFT_VERSION = 5.0;
				TARGETED_DEVICE_FAMILY = "1,2";
			};
			name = Debug;
		};
		1113C8522BA1D984000F7327 /* Release */ = {
			isa = XCBuildConfiguration;
			buildSettings = {
				ASSETCATALOG_COMPILER_APPICON_NAME = AppIcon;
				ASSETCATALOG_COMPILER_GLOBAL_ACCENT_COLOR_NAME = AccentColor;
				CODE_SIGN_STYLE = Automatic;
				CURRENT_PROJECT_VERSION = 1;
				DEVELOPMENT_ASSET_PATHS = "\"SwiftUI Combine and Data/Preview Content\"";
				DEVELOPMENT_TEAM = RTLGBYJM5X;
				ENABLE_PREVIEWS = YES;
				GENERATE_INFOPLIST_FILE = YES;
				INFOPLIST_KEY_UIApplicationSceneManifest_Generation = YES;
				INFOPLIST_KEY_UIApplicationSupportsIndirectInputEvents = YES;
				INFOPLIST_KEY_UILaunchScreen_Generation = YES;
				INFOPLIST_KEY_UISupportedInterfaceOrientations_iPad = "UIInterfaceOrientationPortrait UIInterfaceOrientationPortraitUpsideDown UIInterfaceOrientationLandscapeLeft UIInterfaceOrientationLandscapeRight";
				INFOPLIST_KEY_UISupportedInterfaceOrientations_iPhone = "UIInterfaceOrientationPortrait UIInterfaceOrientationLandscapeLeft UIInterfaceOrientationLandscapeRight";
				LD_RUNPATH_SEARCH_PATHS = (
					"$(inherited)",
					"@executable_path/Frameworks",
				);
				MARKETING_VERSION = 1.0;
				PRODUCT_BUNDLE_IDENTIFIER = "com.nikitakosolapov.SwiftUI-Combine-and-Data";
				PRODUCT_NAME = "$(TARGET_NAME)";
				SWIFT_EMIT_LOC_STRINGS = YES;
				SWIFT_VERSION = 5.0;
				TARGETED_DEVICE_FAMILY = "1,2";
			};
			name = Release;
		};
/* End XCBuildConfiguration section */

/* Begin XCConfigurationList section */
		1113C83D2BA1D983000F7327 /* Build configuration list for PBXProject "SwiftUI Combine and Data" */ = {
			isa = XCConfigurationList;
			buildConfigurations = (
				1113C84E2BA1D984000F7327 /* Debug */,
				1113C84F2BA1D984000F7327 /* Release */,
			);
			defaultConfigurationIsVisible = 0;
			defaultConfigurationName = Release;
		};
		1113C8502BA1D984000F7327 /* Build configuration list for PBXNativeTarget "SwiftUI Combine and Data" */ = {
			isa = XCConfigurationList;
			buildConfigurations = (
				1113C8512BA1D984000F7327 /* Debug */,
				1113C8522BA1D984000F7327 /* Release */,
			);
			defaultConfigurationIsVisible = 0;
			defaultConfigurationName = Release;
		};
/* End XCConfigurationList section */
	};
	rootObject = 1113C83A2BA1D983000F7327 /* Project object */;
}
